{
  "version": 4,
  "terraform_version": "0.12.3",
  "serial": 11,
  "lineage": "b342149a-9d11-adcd-7781-e4544e214d37",
  "outputs": {
    "master_priv_ip": {
      "value": [
        "172.31.18.25"
      ],
      "type": [
        "tuple",
        [
          "string"
        ]
      ]
    },
    "master_pub_ip": {
      "value": [
        "13.233.76.222"
      ],
      "type": [
        "tuple",
        [
          "string"
        ]
      ]
    },
    "worker1_priv_ip": {
      "value": [
        "172.31.17.67"
      ],
      "type": [
        "tuple",
        [
          "string"
        ]
      ]
    },
    "worker1_pub_ip": {
      "value": [
        "13.233.208.136"
      ],
      "type": [
        "tuple",
        [
          "string"
        ]
      ]
    },
    "worker2_priv_ip": {
      "value": [
        "172.31.17.148"
      ],
      "type": [
        "tuple",
        [
          "string"
        ]
      ]
    },
    "worker2_pub_ip": {
      "value": [
        "52.66.196.144"
      ],
      "type": [
        "tuple",
        [
          "string"
        ]
      ]
    }
  },
  "resources": [
    {
      "mode": "managed",
      "type": "aws_instance",
      "name": "swarm-master",
      "provider": "provider.aws",
      "instances": [
        {
          "schema_version": 1,
          "attributes": {
            "ami": "ami-02e60be79e78fef21",
            "arn": "arn:aws:ec2:ap-south-1:304370290957:instance/i-01a96305922af7c2a",
            "associate_public_ip_address": true,
            "availability_zone": "ap-south-1a",
            "cpu_core_count": 1,
            "cpu_threads_per_core": 1,
            "credit_specification": [
              {
                "cpu_credits": "standard"
              }
            ],
            "disable_api_termination": false,
            "ebs_block_device": [],
            "ebs_optimized": false,
            "ephemeral_block_device": [],
            "get_password_data": false,
            "host_id": null,
            "iam_instance_profile": "",
            "id": "i-01a96305922af7c2a",
            "instance_initiated_shutdown_behavior": null,
            "instance_state": "running",
            "instance_type": "t2.micro",
            "ipv6_address_count": 0,
            "ipv6_addresses": [],
            "key_name": "swarmKeyPair",
            "monitoring": false,
            "network_interface": [],
            "network_interface_id": null,
            "password_data": "",
            "placement_group": "",
            "primary_network_interface_id": "eni-0971e88c2468a9444",
            "private_dns": "ip-172-31-18-25.ap-south-1.compute.internal",
            "private_ip": "172.31.18.25",
            "public_dns": "ec2-13-233-76-222.ap-south-1.compute.amazonaws.com",
            "public_ip": "13.233.76.222",
            "root_block_device": [
              {
                "delete_on_termination": false,
                "encrypted": false,
                "iops": 100,
                "kms_key_id": "",
                "volume_id": "vol-0e68aec5148eb546e",
                "volume_size": 8,
                "volume_type": "gp2"
              }
            ],
            "security_groups": [
              "masterSG"
            ],
            "source_dest_check": true,
            "subnet_id": "subnet-588a5131",
            "tags": {
              "Name": "swarm-master"
            },
            "tenancy": "default",
            "timeouts": null,
            "user_data": null,
            "user_data_base64": null,
            "volume_tags": {},
            "vpc_security_group_ids": [
              "sg-0cae2328beee59a2d"
            ]
          },
          "private": "eyJlMmJmYjczMC1lY2FhLTExZTYtOGY4OC0zNDM2M2JjN2M0YzAiOnsiY3JlYXRlIjo2MDAwMDAwMDAwMDAsImRlbGV0ZSI6MTIwMDAwMDAwMDAwMCwidXBkYXRlIjo2MDAwMDAwMDAwMDB9LCJzY2hlbWFfdmVyc2lvbiI6IjEifQ==",
          "depends_on": [
            "aws_key_pair.swarmKeyPair",
            "aws_security_group.master-sg"
          ]
        }
      ]
    },
    {
      "mode": "managed",
      "type": "aws_instance",
      "name": "worker-1",
      "provider": "provider.aws",
      "instances": [
        {
          "schema_version": 1,
          "attributes": {
            "ami": "ami-02e60be79e78fef21",
            "arn": "arn:aws:ec2:ap-south-1:304370290957:instance/i-09e5c2bf8cde8c82a",
            "associate_public_ip_address": true,
            "availability_zone": "ap-south-1a",
            "cpu_core_count": 1,
            "cpu_threads_per_core": 1,
            "credit_specification": [
              {
                "cpu_credits": "standard"
              }
            ],
            "disable_api_termination": false,
            "ebs_block_device": [],
            "ebs_optimized": false,
            "ephemeral_block_device": [],
            "get_password_data": false,
            "host_id": null,
            "iam_instance_profile": "",
            "id": "i-09e5c2bf8cde8c82a",
            "instance_initiated_shutdown_behavior": null,
            "instance_state": "running",
            "instance_type": "t2.micro",
            "ipv6_address_count": 0,
            "ipv6_addresses": [],
            "key_name": "swarmKeyPair",
            "monitoring": false,
            "network_interface": [],
            "network_interface_id": null,
            "password_data": "",
            "placement_group": "",
            "primary_network_interface_id": "eni-080c59d845724bdcc",
            "private_dns": "ip-172-31-17-67.ap-south-1.compute.internal",
            "private_ip": "172.31.17.67",
            "public_dns": "ec2-13-233-208-136.ap-south-1.compute.amazonaws.com",
            "public_ip": "13.233.208.136",
            "root_block_device": [
              {
                "delete_on_termination": false,
                "encrypted": false,
                "iops": 100,
                "kms_key_id": "",
                "volume_id": "vol-0eb8af7bf6f1d84bb",
                "volume_size": 8,
                "volume_type": "gp2"
              }
            ],
            "security_groups": [
              "workerSG"
            ],
            "source_dest_check": true,
            "subnet_id": "subnet-588a5131",
            "tags": {
              "Name": "worker-1"
            },
            "tenancy": "default",
            "timeouts": null,
            "user_data": null,
            "user_data_base64": null,
            "volume_tags": {},
            "vpc_security_group_ids": [
              "sg-02d7e7957050cfd43"
            ]
          },
          "private": "eyJlMmJmYjczMC1lY2FhLTExZTYtOGY4OC0zNDM2M2JjN2M0YzAiOnsiY3JlYXRlIjo2MDAwMDAwMDAwMDAsImRlbGV0ZSI6MTIwMDAwMDAwMDAwMCwidXBkYXRlIjo2MDAwMDAwMDAwMDB9LCJzY2hlbWFfdmVyc2lvbiI6IjEifQ==",
          "depends_on": [
            "aws_key_pair.swarmKeyPair",
            "aws_security_group.worker-sg"
          ]
        }
      ]
    },
    {
      "mode": "managed",
      "type": "aws_instance",
      "name": "worker-2",
      "provider": "provider.aws",
      "instances": [
        {
          "schema_version": 1,
          "attributes": {
            "ami": "ami-02e60be79e78fef21",
            "arn": "arn:aws:ec2:ap-south-1:304370290957:instance/i-061601442541272e4",
            "associate_public_ip_address": true,
            "availability_zone": "ap-south-1a",
            "cpu_core_count": 1,
            "cpu_threads_per_core": 1,
            "credit_specification": [
              {
                "cpu_credits": "standard"
              }
            ],
            "disable_api_termination": false,
            "ebs_block_device": [],
            "ebs_optimized": false,
            "ephemeral_block_device": [],
            "get_password_data": false,
            "host_id": null,
            "iam_instance_profile": "",
            "id": "i-061601442541272e4",
            "instance_initiated_shutdown_behavior": null,
            "instance_state": "running",
            "instance_type": "t2.micro",
            "ipv6_address_count": 0,
            "ipv6_addresses": [],
            "key_name": "swarmKeyPair",
            "monitoring": false,
            "network_interface": [],
            "network_interface_id": null,
            "password_data": "",
            "placement_group": "",
            "primary_network_interface_id": "eni-02929a3585f577033",
            "private_dns": "ip-172-31-17-148.ap-south-1.compute.internal",
            "private_ip": "172.31.17.148",
            "public_dns": "ec2-52-66-196-144.ap-south-1.compute.amazonaws.com",
            "public_ip": "52.66.196.144",
            "root_block_device": [
              {
                "delete_on_termination": false,
                "encrypted": false,
                "iops": 100,
                "kms_key_id": "",
                "volume_id": "vol-052e12e29b655307f",
                "volume_size": 8,
                "volume_type": "gp2"
              }
            ],
            "security_groups": [
              "workerSG"
            ],
            "source_dest_check": true,
            "subnet_id": "subnet-588a5131",
            "tags": {
              "Name": "worker-2"
            },
            "tenancy": "default",
            "timeouts": null,
            "user_data": null,
            "user_data_base64": null,
            "volume_tags": {},
            "vpc_security_group_ids": [
              "sg-02d7e7957050cfd43"
            ]
          },
          "private": "eyJlMmJmYjczMC1lY2FhLTExZTYtOGY4OC0zNDM2M2JjN2M0YzAiOnsiY3JlYXRlIjo2MDAwMDAwMDAwMDAsImRlbGV0ZSI6MTIwMDAwMDAwMDAwMCwidXBkYXRlIjo2MDAwMDAwMDAwMDB9LCJzY2hlbWFfdmVyc2lvbiI6IjEifQ==",
          "depends_on": [
            "aws_key_pair.swarmKeyPair",
            "aws_security_group.worker-sg"
          ]
        }
      ]
    },
    {
      "mode": "managed",
      "type": "aws_key_pair",
      "name": "swarmKeyPair",
      "provider": "provider.aws",
      "instances": [
        {
          "schema_version": 1,
          "attributes": {
            "fingerprint": "a7:52:47:f4:6e:4a:df:60:f4:a9:b6:78:1b:55:48:e5",
            "id": "swarmKeyPair",
            "key_name": "swarmKeyPair",
            "key_name_prefix": null,
            "public_key": "ssh-rsa AAAAB3NzaC1yc2EAAAADAQABAAABAQCwrYxVmde+k4KkX7R2IhioryubYnKcYzDbZGcOUOK8/J/squg72HxIw4GBG3GEzACwcg+AgSir3Hsk1dt0pKcKda8117knAopUdZ9KMsJAyFw01Gq6pu210YtUHsBtyNit6hN2zUx7V71QXiAAYwGCju+wjdWlhveJPnrGedHid5RUerNvpSq5oQsOGV/8HYl0+FmUCtfGSyvgsQc89Ppsp7vxmQIp4OibTrwmTB88A81kIH3JWYva7shZrc4Rn+jnyy/rbJ91ixpqfRUo+kb1KszyTkwPkUETbCXbkvVwMmPNjtb3TypyX+c4ruTYMmMbGILtb0n9xVkSZCa9JvV3 vagrant@centos.example.com"
          },
          "private": "eyJzY2hlbWFfdmVyc2lvbiI6IjEifQ=="
        }
      ]
    },
    {
      "mode": "managed",
      "type": "aws_security_group",
      "name": "master-sg",
      "provider": "provider.aws",
      "instances": [
        {
          "schema_version": 1,
          "attributes": {
            "arn": "arn:aws:ec2:ap-south-1:304370290957:security-group/sg-0cae2328beee59a2d",
            "description": "Security group for docker-swarm Master Node.",
            "egress": [],
            "id": "sg-0cae2328beee59a2d",
            "ingress": [],
            "name": "masterSG",
            "name_prefix": null,
            "owner_id": "304370290957",
            "revoke_rules_on_delete": false,
            "tags": {
              "Name": "masterSG"
            },
            "timeouts": null,
            "vpc_id": "vpc-2000df49"
          },
          "private": "eyJlMmJmYjczMC1lY2FhLTExZTYtOGY4OC0zNDM2M2JjN2M0YzAiOnsiY3JlYXRlIjo2MDAwMDAwMDAwMDAsImRlbGV0ZSI6NjAwMDAwMDAwMDAwfSwic2NoZW1hX3ZlcnNpb24iOiIxIn0="
        }
      ]
    },
    {
      "mode": "managed",
      "type": "aws_security_group",
      "name": "worker-sg",
      "provider": "provider.aws",
      "instances": [
        {
          "schema_version": 1,
          "attributes": {
            "arn": "arn:aws:ec2:ap-south-1:304370290957:security-group/sg-02d7e7957050cfd43",
            "description": "Security group for docker-swarm worker nodes.",
            "egress": [],
            "id": "sg-02d7e7957050cfd43",
            "ingress": [],
            "name": "workerSG",
            "name_prefix": null,
            "owner_id": "304370290957",
            "revoke_rules_on_delete": false,
            "tags": {
              "Name": "workerSG"
            },
            "timeouts": null,
            "vpc_id": "vpc-2000df49"
          },
          "private": "eyJlMmJmYjczMC1lY2FhLTExZTYtOGY4OC0zNDM2M2JjN2M0YzAiOnsiY3JlYXRlIjo2MDAwMDAwMDAwMDAsImRlbGV0ZSI6NjAwMDAwMDAwMDAwfSwic2NoZW1hX3ZlcnNpb24iOiIxIn0="
        }
      ]
    },
    {
      "mode": "managed",
      "type": "aws_security_group_rule",
      "name": "masterAllowSSH",
      "provider": "provider.aws",
      "instances": [
        {
          "schema_version": 2,
          "attributes": {
            "cidr_blocks": [
              "0.0.0.0/0"
            ],
            "description": null,
            "from_port": 0,
            "id": "sgrule-2338188689",
            "ipv6_cidr_blocks": null,
            "prefix_list_ids": null,
            "protocol": "-1",
            "security_group_id": "sg-0cae2328beee59a2d",
            "self": false,
            "source_security_group_id": null,
            "to_port": 65535,
            "type": "ingress"
          },
          "private": "eyJzY2hlbWFfdmVyc2lvbiI6IjIifQ==",
          "depends_on": [
            "aws_security_group.master-sg"
          ]
        }
      ]
    },
    {
      "mode": "managed",
      "type": "aws_security_group_rule",
      "name": "masterOutboundtoAll",
      "provider": "provider.aws",
      "instances": [
        {
          "schema_version": 2,
          "attributes": {
            "cidr_blocks": [
              "0.0.0.0/0"
            ],
            "description": null,
            "from_port": 0,
            "id": "sgrule-3917671948",
            "ipv6_cidr_blocks": null,
            "prefix_list_ids": null,
            "protocol": "-1",
            "security_group_id": "sg-0cae2328beee59a2d",
            "self": false,
            "source_security_group_id": null,
            "to_port": 0,
            "type": "egress"
          },
          "private": "eyJzY2hlbWFfdmVyc2lvbiI6IjIifQ==",
          "depends_on": [
            "aws_security_group.master-sg"
          ]
        }
      ]
    },
    {
      "mode": "managed",
      "type": "aws_security_group_rule",
      "name": "workerAllowSSH",
      "provider": "provider.aws",
      "instances": [
        {
          "schema_version": 2,
          "attributes": {
            "cidr_blocks": [
              "0.0.0.0/0"
            ],
            "description": null,
            "from_port": 0,
            "id": "sgrule-1681097583",
            "ipv6_cidr_blocks": null,
            "prefix_list_ids": null,
            "protocol": "-1",
            "security_group_id": "sg-02d7e7957050cfd43",
            "self": false,
            "source_security_group_id": null,
            "to_port": 65535,
            "type": "ingress"
          },
          "private": "eyJzY2hlbWFfdmVyc2lvbiI6IjIifQ==",
          "depends_on": [
            "aws_security_group.worker-sg"
          ]
        }
      ]
    },
    {
      "mode": "managed",
      "type": "aws_security_group_rule",
      "name": "workerOutboundtoAll",
      "provider": "provider.aws",
      "instances": [
        {
          "schema_version": 2,
          "attributes": {
            "cidr_blocks": [
              "0.0.0.0/0"
            ],
            "description": null,
            "from_port": 0,
            "id": "sgrule-1392261711",
            "ipv6_cidr_blocks": null,
            "prefix_list_ids": null,
            "protocol": "-1",
            "security_group_id": "sg-02d7e7957050cfd43",
            "self": false,
            "source_security_group_id": null,
            "to_port": 0,
            "type": "egress"
          },
          "private": "eyJzY2hlbWFfdmVyc2lvbiI6IjIifQ==",
          "depends_on": [
            "aws_security_group.worker-sg"
          ]
        }
      ]
    }
  ]
}
