{
  "version": 4,
  "terraform_version": "0.12.3",
  "serial": 8,
  "lineage": "0dcb0d9e-af58-46d4-381b-50c4f63936b5",
  "outputs": {
    "master_priv_ip": {
      "value": [
        "172.31.28.230"
      ],
      "type": [
        "tuple",
        [
          "string"
        ]
      ]
    },
    "master_pub_ip": {
      "value": [
        "13.233.186.18"
      ],
      "type": [
        "tuple",
        [
          "string"
        ]
      ]
    },
    "worker1_priv_ip": {
      "value": [
        "172.31.24.121"
      ],
      "type": [
        "tuple",
        [
          "string"
        ]
      ]
    },
    "worker1_pub_ip": {
      "value": [
        "13.232.66.164"
      ],
      "type": [
        "tuple",
        [
          "string"
        ]
      ]
    },
    "worker2_priv_ip": {
      "value": [
        "172.31.29.145"
      ],
      "type": [
        "tuple",
        [
          "string"
        ]
      ]
    },
    "worker2_pub_ip": {
      "value": [
        "13.233.179.190"
      ],
      "type": [
        "tuple",
        [
          "string"
        ]
      ]
    }
  },
  "resources": [
    {
      "mode": "managed",
      "type": "aws_instance",
      "name": "swarm-master",
      "provider": "provider.aws",
      "instances": [
        {
          "status": "tainted",
          "schema_version": 1,
          "attributes": {
            "ami": "ami-02e60be79e78fef21",
            "arn": "arn:aws:ec2:ap-south-1:304370290957:instance/i-0cca922d808746638",
            "associate_public_ip_address": true,
            "availability_zone": "ap-south-1a",
            "cpu_core_count": 1,
            "cpu_threads_per_core": 1,
            "credit_specification": [
              {
                "cpu_credits": "standard"
              }
            ],
            "disable_api_termination": false,
            "ebs_block_device": [],
            "ebs_optimized": false,
            "ephemeral_block_device": [],
            "get_password_data": false,
            "host_id": null,
            "iam_instance_profile": "",
            "id": "i-0cca922d808746638",
            "instance_initiated_shutdown_behavior": null,
            "instance_state": "running",
            "instance_type": "t2.micro",
            "ipv6_address_count": 0,
            "ipv6_addresses": [],
            "key_name": "swarmKeyPair",
            "monitoring": false,
            "network_interface": [],
            "network_interface_id": null,
            "password_data": "",
            "placement_group": "",
            "primary_network_interface_id": "eni-084e2029dffc70144",
            "private_dns": "ip-172-31-28-230.ap-south-1.compute.internal",
            "private_ip": "172.31.28.230",
            "public_dns": "ec2-13-233-186-18.ap-south-1.compute.amazonaws.com",
            "public_ip": "13.233.186.18",
            "root_block_device": [
              {
                "delete_on_termination": false,
                "encrypted": false,
                "iops": 100,
                "kms_key_id": "",
                "volume_id": "vol-0a923aa4b00d053e8",
                "volume_size": 8,
                "volume_type": "gp2"
              }
            ],
            "security_groups": [
              "masterSG"
            ],
            "source_dest_check": true,
            "subnet_id": "subnet-588a5131",
            "tags": {
              "Name": "swarm-master"
            },
            "tenancy": "default",
            "timeouts": null,
            "user_data": null,
            "user_data_base64": null,
            "volume_tags": {},
            "vpc_security_group_ids": [
              "sg-06fec1bac06c8fb84"
            ]
          },
          "private": "eyJlMmJmYjczMC1lY2FhLTExZTYtOGY4OC0zNDM2M2JjN2M0YzAiOnsiY3JlYXRlIjo2MDAwMDAwMDAwMDAsImRlbGV0ZSI6MTIwMDAwMDAwMDAwMCwidXBkYXRlIjo2MDAwMDAwMDAwMDB9LCJzY2hlbWFfdmVyc2lvbiI6IjEifQ==",
          "depends_on": [
            "aws_key_pair.swarmKeyPair",
            "aws_security_group.master-sg"
          ]
        }
      ]
    },
    {
      "mode": "managed",
      "type": "aws_instance",
      "name": "worker-1",
      "provider": "provider.aws",
      "instances": [
        {
          "status": "tainted",
          "schema_version": 1,
          "attributes": {
            "ami": "ami-02e60be79e78fef21",
            "arn": "arn:aws:ec2:ap-south-1:304370290957:instance/i-0761f2bf952d59d68",
            "associate_public_ip_address": true,
            "availability_zone": "ap-south-1a",
            "cpu_core_count": 1,
            "cpu_threads_per_core": 1,
            "credit_specification": [
              {
                "cpu_credits": "standard"
              }
            ],
            "disable_api_termination": false,
            "ebs_block_device": [],
            "ebs_optimized": false,
            "ephemeral_block_device": [],
            "get_password_data": false,
            "host_id": null,
            "iam_instance_profile": "",
            "id": "i-0761f2bf952d59d68",
            "instance_initiated_shutdown_behavior": null,
            "instance_state": "running",
            "instance_type": "t2.micro",
            "ipv6_address_count": 0,
            "ipv6_addresses": [],
            "key_name": "swarmKeyPair",
            "monitoring": false,
            "network_interface": [],
            "network_interface_id": null,
            "password_data": "",
            "placement_group": "",
            "primary_network_interface_id": "eni-050161e488b7d448b",
            "private_dns": "ip-172-31-24-121.ap-south-1.compute.internal",
            "private_ip": "172.31.24.121",
            "public_dns": "ec2-13-232-66-164.ap-south-1.compute.amazonaws.com",
            "public_ip": "13.232.66.164",
            "root_block_device": [
              {
                "delete_on_termination": false,
                "encrypted": false,
                "iops": 100,
                "kms_key_id": "",
                "volume_id": "vol-07ea18e50861364eb",
                "volume_size": 8,
                "volume_type": "gp2"
              }
            ],
            "security_groups": [
              "workerSG"
            ],
            "source_dest_check": true,
            "subnet_id": "subnet-588a5131",
            "tags": {
              "Name": "worker-1"
            },
            "tenancy": "default",
            "timeouts": null,
            "user_data": null,
            "user_data_base64": null,
            "volume_tags": {},
            "vpc_security_group_ids": [
              "sg-032f2371c9340f446"
            ]
          },
          "private": "eyJlMmJmYjczMC1lY2FhLTExZTYtOGY4OC0zNDM2M2JjN2M0YzAiOnsiY3JlYXRlIjo2MDAwMDAwMDAwMDAsImRlbGV0ZSI6MTIwMDAwMDAwMDAwMCwidXBkYXRlIjo2MDAwMDAwMDAwMDB9LCJzY2hlbWFfdmVyc2lvbiI6IjEifQ==",
          "depends_on": [
            "aws_key_pair.swarmKeyPair",
            "aws_security_group.worker-sg"
          ]
        }
      ]
    },
    {
      "mode": "managed",
      "type": "aws_instance",
      "name": "worker-2",
      "provider": "provider.aws",
      "instances": [
        {
          "status": "tainted",
          "schema_version": 1,
          "attributes": {
            "ami": "ami-02e60be79e78fef21",
            "arn": "arn:aws:ec2:ap-south-1:304370290957:instance/i-06b8464745047ce4f",
            "associate_public_ip_address": true,
            "availability_zone": "ap-south-1a",
            "cpu_core_count": 1,
            "cpu_threads_per_core": 1,
            "credit_specification": [
              {
                "cpu_credits": "standard"
              }
            ],
            "disable_api_termination": false,
            "ebs_block_device": [],
            "ebs_optimized": false,
            "ephemeral_block_device": [],
            "get_password_data": false,
            "host_id": null,
            "iam_instance_profile": "",
            "id": "i-06b8464745047ce4f",
            "instance_initiated_shutdown_behavior": null,
            "instance_state": "running",
            "instance_type": "t2.micro",
            "ipv6_address_count": 0,
            "ipv6_addresses": [],
            "key_name": "swarmKeyPair",
            "monitoring": false,
            "network_interface": [],
            "network_interface_id": null,
            "password_data": "",
            "placement_group": "",
            "primary_network_interface_id": "eni-0afc91089ba92cf78",
            "private_dns": "ip-172-31-29-145.ap-south-1.compute.internal",
            "private_ip": "172.31.29.145",
            "public_dns": "ec2-13-233-179-190.ap-south-1.compute.amazonaws.com",
            "public_ip": "13.233.179.190",
            "root_block_device": [
              {
                "delete_on_termination": false,
                "encrypted": false,
                "iops": 100,
                "kms_key_id": "",
                "volume_id": "vol-023b10fe6c146d256",
                "volume_size": 8,
                "volume_type": "gp2"
              }
            ],
            "security_groups": [
              "workerSG"
            ],
            "source_dest_check": true,
            "subnet_id": "subnet-588a5131",
            "tags": {
              "Name": "worker-2"
            },
            "tenancy": "default",
            "timeouts": null,
            "user_data": null,
            "user_data_base64": null,
            "volume_tags": {},
            "vpc_security_group_ids": [
              "sg-032f2371c9340f446"
            ]
          },
          "private": "eyJlMmJmYjczMC1lY2FhLTExZTYtOGY4OC0zNDM2M2JjN2M0YzAiOnsiY3JlYXRlIjo2MDAwMDAwMDAwMDAsImRlbGV0ZSI6MTIwMDAwMDAwMDAwMCwidXBkYXRlIjo2MDAwMDAwMDAwMDB9LCJzY2hlbWFfdmVyc2lvbiI6IjEifQ==",
          "depends_on": [
            "aws_key_pair.swarmKeyPair",
            "aws_security_group.worker-sg"
          ]
        }
      ]
    },
    {
      "mode": "managed",
      "type": "aws_key_pair",
      "name": "swarmKeyPair",
      "provider": "provider.aws",
      "instances": [
        {
          "schema_version": 1,
          "attributes": {
            "fingerprint": "96:9b:c0:2e:78:cd:c6:ea:56:b6:b1:76:09:8a:b3:25",
            "id": "swarmKeyPair",
            "key_name": "swarmKeyPair",
            "key_name_prefix": null,
            "public_key": "ssh-rsa AAAAB3NzaC1yc2EAAAADAQABAAABAQCiHD8YcuuUtuG493/ajlbz8lLVusir3z+Q8EXLlPLH+ISugcar7V0n0VDptef5Fp00A9Jcd3VytOFxKw6j3BkYVnXqCL0zRX6k8IkLIIyCD6ilU2kItmQ22LGKPY5zVBDHBUD58XjQIG0MKioqozV1a2Dp3r75tnUmCkdq0R9haCm24jEWpWI8+DQCtdjwjm0wUpnbQJy6cV+Np2Nq/SQxXFJUwn7cv5Hh0n7Cr8ZlU8dyLcBvD2RkdZ8DIPS6wpLrJnj44w1PJe+qbxh5sRK29gFXujdFoCHltWg/gva/3s9bPOjUV6CUZRuFaUb9LDQzjKl0zyg1uoM6mskU6s57 7000019933@Sonys-MacBook-Pro.local"
          },
          "private": "eyJzY2hlbWFfdmVyc2lvbiI6IjEifQ=="
        }
      ]
    },
    {
      "mode": "managed",
      "type": "aws_security_group",
      "name": "master-sg",
      "provider": "provider.aws",
      "instances": [
        {
          "schema_version": 1,
          "attributes": {
            "arn": "arn:aws:ec2:ap-south-1:304370290957:security-group/sg-06fec1bac06c8fb84",
            "description": "Security group for docker-swarm Master Node.",
            "egress": [],
            "id": "sg-06fec1bac06c8fb84",
            "ingress": [],
            "name": "masterSG",
            "name_prefix": null,
            "owner_id": "304370290957",
            "revoke_rules_on_delete": false,
            "tags": {
              "Name": "masterSG"
            },
            "timeouts": null,
            "vpc_id": "vpc-2000df49"
          },
          "private": "eyJlMmJmYjczMC1lY2FhLTExZTYtOGY4OC0zNDM2M2JjN2M0YzAiOnsiY3JlYXRlIjo2MDAwMDAwMDAwMDAsImRlbGV0ZSI6NjAwMDAwMDAwMDAwfSwic2NoZW1hX3ZlcnNpb24iOiIxIn0="
        }
      ]
    },
    {
      "mode": "managed",
      "type": "aws_security_group",
      "name": "worker-sg",
      "provider": "provider.aws",
      "instances": [
        {
          "schema_version": 1,
          "attributes": {
            "arn": "arn:aws:ec2:ap-south-1:304370290957:security-group/sg-032f2371c9340f446",
            "description": "Security group for docker-swarm worker nodes.",
            "egress": [],
            "id": "sg-032f2371c9340f446",
            "ingress": [],
            "name": "workerSG",
            "name_prefix": null,
            "owner_id": "304370290957",
            "revoke_rules_on_delete": false,
            "tags": {
              "Name": "workerSG"
            },
            "timeouts": null,
            "vpc_id": "vpc-2000df49"
          },
          "private": "eyJlMmJmYjczMC1lY2FhLTExZTYtOGY4OC0zNDM2M2JjN2M0YzAiOnsiY3JlYXRlIjo2MDAwMDAwMDAwMDAsImRlbGV0ZSI6NjAwMDAwMDAwMDAwfSwic2NoZW1hX3ZlcnNpb24iOiIxIn0="
        }
      ]
    },
    {
      "mode": "managed",
      "type": "aws_security_group_rule",
      "name": "masterAllowSSH",
      "provider": "provider.aws",
      "instances": [
        {
          "schema_version": 2,
          "attributes": {
            "cidr_blocks": [
              "0.0.0.0/0"
            ],
            "description": null,
            "from_port": 0,
            "id": "sgrule-1722607422",
            "ipv6_cidr_blocks": null,
            "prefix_list_ids": null,
            "protocol": "tcp",
            "security_group_id": "sg-06fec1bac06c8fb84",
            "self": false,
            "source_security_group_id": null,
            "to_port": 0,
            "type": "ingress"
          },
          "private": "eyJzY2hlbWFfdmVyc2lvbiI6IjIifQ==",
          "depends_on": [
            "aws_security_group.master-sg"
          ]
        }
      ]
    },
    {
      "mode": "managed",
      "type": "aws_security_group_rule",
      "name": "masterOutboundtoAll",
      "provider": "provider.aws",
      "instances": [
        {
          "schema_version": 2,
          "attributes": {
            "cidr_blocks": [
              "0.0.0.0/0"
            ],
            "description": null,
            "from_port": 0,
            "id": "sgrule-523820215",
            "ipv6_cidr_blocks": null,
            "prefix_list_ids": null,
            "protocol": "-1",
            "security_group_id": "sg-06fec1bac06c8fb84",
            "self": false,
            "source_security_group_id": null,
            "to_port": 0,
            "type": "egress"
          },
          "private": "eyJzY2hlbWFfdmVyc2lvbiI6IjIifQ==",
          "depends_on": [
            "aws_security_group.master-sg"
          ]
        }
      ]
    },
    {
      "mode": "managed",
      "type": "aws_security_group_rule",
      "name": "workerAllowSSH",
      "provider": "provider.aws",
      "instances": [
        {
          "schema_version": 2,
          "attributes": {
            "cidr_blocks": [
              "0.0.0.0/0"
            ],
            "description": null,
            "from_port": 0,
            "id": "sgrule-744498383",
            "ipv6_cidr_blocks": null,
            "prefix_list_ids": null,
            "protocol": "tcp",
            "security_group_id": "sg-032f2371c9340f446",
            "self": false,
            "source_security_group_id": null,
            "to_port": 0,
            "type": "ingress"
          },
          "private": "eyJzY2hlbWFfdmVyc2lvbiI6IjIifQ==",
          "depends_on": [
            "aws_security_group.worker-sg"
          ]
        }
      ]
    },
    {
      "mode": "managed",
      "type": "aws_security_group_rule",
      "name": "workerOutboundtoAll",
      "provider": "provider.aws",
      "instances": [
        {
          "schema_version": 2,
          "attributes": {
            "cidr_blocks": [
              "0.0.0.0/0"
            ],
            "description": null,
            "from_port": 0,
            "id": "sgrule-353431215",
            "ipv6_cidr_blocks": null,
            "prefix_list_ids": null,
            "protocol": "-1",
            "security_group_id": "sg-032f2371c9340f446",
            "self": false,
            "source_security_group_id": null,
            "to_port": 0,
            "type": "egress"
          },
          "private": "eyJzY2hlbWFfdmVyc2lvbiI6IjIifQ==",
          "depends_on": [
            "aws_security_group.worker-sg"
          ]
        }
      ]
    }
  ]
}
